
Microsoft Visual Studio Solution File, Format Version 12.00
# Visual Studio Version 17
VisualStudioVersion = 17.12.35527.113
MinimumVisualStudioVersion = 10.0.40219.1
Project("{FAE04EC0-301F-11D3-BF4B-00C04F79EFBC}") = "01_MainSubjects", "01_MainSubjects\01_MainSubjects.csproj", "{DD50568F-63B3-4BB8-9D74-8C00C3D214DB}"
EndProject
Project("{FAE04EC0-301F-11D3-BF4B-00C04F79EFBC}") = "02_Variables", "02_Variables\02_Variables.csproj", "{F9A67DE3-4ECB-4B7B-83E4-F87E9C78BBAE}"
EndProject
Project("{FAE04EC0-301F-11D3-BF4B-00C04F79EFBC}") = "03_MakingDecision", "03_MakingDecision\03_MakingDecision.csproj", "{0AB98CEE-BDBB-4C60-8049-755DD54EE8A5}"
EndProject
Project("{FAE04EC0-301F-11D3-BF4B-00C04F79EFBC}") = "04_Loops", "04_Loops\04_Loops.csproj", "{8E2BCC2F-F3E3-4340-9258-3C05199020E5}"
EndProject
Project("{FAE04EC0-301F-11D3-BF4B-00C04F79EFBC}") = "05_LoopsWithStars", "05_LoopsWithStars\05_LoopsWithStars.csproj", "{3040E758-FE02-4AD6-9F6D-860587A191C4}"
EndProject
Project("{FAE04EC0-301F-11D3-BF4B-00C04F79EFBC}") = "06_Arrays", "06_Arrays\06_Arrays.csproj", "{9DD5FD7F-9C3B-4045-8E1F-0EE6A8441910}"
EndProject
Project("{FAE04EC0-301F-11D3-BF4B-00C04F79EFBC}") = "07_ForeachLoop", "07_ForeachLoop\07_ForeachLoop.csproj", "{B46146C1-8857-492D-9059-1B8DF332B909}"
EndProject
Project("{FAE04EC0-301F-11D3-BF4B-00C04F79EFBC}") = "08_Methods", "08_Methods\08_Methods.csproj", "{D4047844-32B7-44A8-B34F-8CF602DF8F3D}"
EndProject
Project("{FAE04EC0-301F-11D3-BF4B-00C04F79EFBC}") = "09_DatabaseProject", "09_DatabaseProject\09_DatabaseProject.csproj", "{AB3DCF6C-01AC-4215-BC92-190D1828E3CA}"
EndProject
Global
	GlobalSection(SolutionConfigurationPlatforms) = preSolution
		Debug|Any CPU = Debug|Any CPU
		Release|Any CPU = Release|Any CPU
	EndGlobalSection
	GlobalSection(ProjectConfigurationPlatforms) = postSolution
		{DD50568F-63B3-4BB8-9D74-8C00C3D214DB}.Debug|Any CPU.ActiveCfg = Debug|Any CPU
		{DD50568F-63B3-4BB8-9D74-8C00C3D214DB}.Debug|Any CPU.Build.0 = Debug|Any CPU
		{DD50568F-63B3-4BB8-9D74-8C00C3D214DB}.Release|Any CPU.ActiveCfg = Release|Any CPU
		{DD50568F-63B3-4BB8-9D74-8C00C3D214DB}.Release|Any CPU.Build.0 = Release|Any CPU
		{F9A67DE3-4ECB-4B7B-83E4-F87E9C78BBAE}.Debug|Any CPU.ActiveCfg = Debug|Any CPU
		{F9A67DE3-4ECB-4B7B-83E4-F87E9C78BBAE}.Debug|Any CPU.Build.0 = Debug|Any CPU
		{F9A67DE3-4ECB-4B7B-83E4-F87E9C78BBAE}.Release|Any CPU.ActiveCfg = Release|Any CPU
		{F9A67DE3-4ECB-4B7B-83E4-F87E9C78BBAE}.Release|Any CPU.Build.0 = Release|Any CPU
		{0AB98CEE-BDBB-4C60-8049-755DD54EE8A5}.Debug|Any CPU.ActiveCfg = Debug|Any CPU
		{0AB98CEE-BDBB-4C60-8049-755DD54EE8A5}.Debug|Any CPU.Build.0 = Debug|Any CPU
		{0AB98CEE-BDBB-4C60-8049-755DD54EE8A5}.Release|Any CPU.ActiveCfg = Release|Any CPU
		{0AB98CEE-BDBB-4C60-8049-755DD54EE8A5}.Release|Any CPU.Build.0 = Release|Any CPU
		{8E2BCC2F-F3E3-4340-9258-3C05199020E5}.Debug|Any CPU.ActiveCfg = Debug|Any CPU
		{8E2BCC2F-F3E3-4340-9258-3C05199020E5}.Debug|Any CPU.Build.0 = Debug|Any CPU
		{8E2BCC2F-F3E3-4340-9258-3C05199020E5}.Release|Any CPU.ActiveCfg = Release|Any CPU
		{8E2BCC2F-F3E3-4340-9258-3C05199020E5}.Release|Any CPU.Build.0 = Release|Any CPU
		{3040E758-FE02-4AD6-9F6D-860587A191C4}.Debug|Any CPU.ActiveCfg = Debug|Any CPU
		{3040E758-FE02-4AD6-9F6D-860587A191C4}.Debug|Any CPU.Build.0 = Debug|Any CPU
		{3040E758-FE02-4AD6-9F6D-860587A191C4}.Release|Any CPU.ActiveCfg = Release|Any CPU
		{3040E758-FE02-4AD6-9F6D-860587A191C4}.Release|Any CPU.Build.0 = Release|Any CPU
		{9DD5FD7F-9C3B-4045-8E1F-0EE6A8441910}.Debug|Any CPU.ActiveCfg = Debug|Any CPU
		{9DD5FD7F-9C3B-4045-8E1F-0EE6A8441910}.Debug|Any CPU.Build.0 = Debug|Any CPU
		{9DD5FD7F-9C3B-4045-8E1F-0EE6A8441910}.Release|Any CPU.ActiveCfg = Release|Any CPU
		{9DD5FD7F-9C3B-4045-8E1F-0EE6A8441910}.Release|Any CPU.Build.0 = Release|Any CPU
		{B46146C1-8857-492D-9059-1B8DF332B909}.Debug|Any CPU.ActiveCfg = Debug|Any CPU
		{B46146C1-8857-492D-9059-1B8DF332B909}.Debug|Any CPU.Build.0 = Debug|Any CPU
		{B46146C1-8857-492D-9059-1B8DF332B909}.Release|Any CPU.ActiveCfg = Release|Any CPU
		{B46146C1-8857-492D-9059-1B8DF332B909}.Release|Any CPU.Build.0 = Release|Any CPU
		{D4047844-32B7-44A8-B34F-8CF602DF8F3D}.Debug|Any CPU.ActiveCfg = Debug|Any CPU
		{D4047844-32B7-44A8-B34F-8CF602DF8F3D}.Debug|Any CPU.Build.0 = Debug|Any CPU
		{D4047844-32B7-44A8-B34F-8CF602DF8F3D}.Release|Any CPU.ActiveCfg = Release|Any CPU
		{D4047844-32B7-44A8-B34F-8CF602DF8F3D}.Release|Any CPU.Build.0 = Release|Any CPU
		{AB3DCF6C-01AC-4215-BC92-190D1828E3CA}.Debug|Any CPU.ActiveCfg = Debug|Any CPU
		{AB3DCF6C-01AC-4215-BC92-190D1828E3CA}.Debug|Any CPU.Build.0 = Debug|Any CPU
		{AB3DCF6C-01AC-4215-BC92-190D1828E3CA}.Release|Any CPU.ActiveCfg = Release|Any CPU
		{AB3DCF6C-01AC-4215-BC92-190D1828E3CA}.Release|Any CPU.Build.0 = Release|Any CPU
	EndGlobalSection
	GlobalSection(SolutionProperties) = preSolution
		HideSolutionNode = FALSE
	EndGlobalSection
	GlobalSection(ExtensibilityGlobals) = postSolution
		SolutionGuid = {B8626D0C-DA74-4866-9383-94E668762163}
	EndGlobalSection
EndGlobal
